
Microsoft Visual Studio Solution File, Format Version 12.00
# Visual Studio 15
VisualStudioVersion = 15.0.27130.2003
MinimumVisualStudioVersion = 10.0.40219.1
Project("{FAE04EC0-301F-11D3-BF4B-00C04F79EFBC}") = "day_14", "day_14\day_14.csproj", "{4818A66B-EEC1-47C1-AA7D-9E0985117FA1}"
EndProject
Global
	GlobalSection(SolutionConfigurationPlatforms) = preSolution
		Debug|Any CPU = Debug|Any CPU
		Release|Any CPU = Release|Any CPU
	EndGlobalSection
	GlobalSection(ProjectConfigurationPlatforms) = postSolution
		{4818A66B-EEC1-47C1-AA7D-9E0985117FA1}.Debug|Any CPU.ActiveCfg = Debug|Any CPU
		{4818A66B-EEC1-47C1-AA7D-9E0985117FA1}.Debug|Any CPU.Build.0 = Debug|Any CPU
		{4818A66B-EEC1-47C1-AA7D-9E0985117FA1}.Release|Any CPU.ActiveCfg = Release|Any CPU
		{4818A66B-EEC1-47C1-AA7D-9E0985117FA1}.Release|Any CPU.Build.0 = Release|Any CPU
	EndGlobalSection
	GlobalSection(SolutionProperties) = preSolution
		HideSolutionNode = FALSE
	EndGlobalSection
	GlobalSection(ExtensibilityGlobals) = postSolution
		SolutionGuid = {3C3FD1CE-830B-4754-8BEA-7E40E8CEF488}
	EndGlobalSection
EndGlobal
