
Microsoft Visual Studio Solution File, Format Version 12.00
# Visual Studio 15
VisualStudioVersion = 15.0.27004.2009
MinimumVisualStudioVersion = 10.0.40219.1
Project("{FAE04EC0-301F-11D3-BF4B-00C04F79EFBC}") = "day7Objects", "day7Objects\day7Objects.csproj", "{D5779287-7B7B-45AF-9D64-61FEEE6650CF}"
EndProject
Global
	GlobalSection(SolutionConfigurationPlatforms) = preSolution
		Debug|Any CPU = Debug|Any CPU
		Release|Any CPU = Release|Any CPU
	EndGlobalSection
	GlobalSection(ProjectConfigurationPlatforms) = postSolution
		{D5779287-7B7B-45AF-9D64-61FEEE6650CF}.Debug|Any CPU.ActiveCfg = Debug|Any CPU
		{D5779287-7B7B-45AF-9D64-61FEEE6650CF}.Debug|Any CPU.Build.0 = Debug|Any CPU
		{D5779287-7B7B-45AF-9D64-61FEEE6650CF}.Release|Any CPU.ActiveCfg = Release|Any CPU
		{D5779287-7B7B-45AF-9D64-61FEEE6650CF}.Release|Any CPU.Build.0 = Release|Any CPU
	EndGlobalSection
	GlobalSection(SolutionProperties) = preSolution
		HideSolutionNode = FALSE
	EndGlobalSection
	GlobalSection(ExtensibilityGlobals) = postSolution
		SolutionGuid = {300F764F-37AC-4B8F-AF31-A2C63F8D479B}
	EndGlobalSection
EndGlobal
