
Microsoft Visual Studio Solution File, Format Version 12.00
# Visual Studio 15
VisualStudioVersion = 15.0.27130.2003
MinimumVisualStudioVersion = 10.0.40219.1
Project("{FAE04EC0-301F-11D3-BF4B-00C04F79EFBC}") = "day_19", "day_19\day_19.csproj", "{C757D406-DBFB-43D9-AA4D-F943FC67DDBC}"
EndProject
Global
	GlobalSection(SolutionConfigurationPlatforms) = preSolution
		Debug|Any CPU = Debug|Any CPU
		Release|Any CPU = Release|Any CPU
	EndGlobalSection
	GlobalSection(ProjectConfigurationPlatforms) = postSolution
		{C757D406-DBFB-43D9-AA4D-F943FC67DDBC}.Debug|Any CPU.ActiveCfg = Debug|Any CPU
		{C757D406-DBFB-43D9-AA4D-F943FC67DDBC}.Debug|Any CPU.Build.0 = Debug|Any CPU
		{C757D406-DBFB-43D9-AA4D-F943FC67DDBC}.Release|Any CPU.ActiveCfg = Release|Any CPU
		{C757D406-DBFB-43D9-AA4D-F943FC67DDBC}.Release|Any CPU.Build.0 = Release|Any CPU
	EndGlobalSection
	GlobalSection(SolutionProperties) = preSolution
		HideSolutionNode = FALSE
	EndGlobalSection
	GlobalSection(ExtensibilityGlobals) = postSolution
		SolutionGuid = {E8136D18-9C09-4B7F-AB2F-682C8A1DB71D}
	EndGlobalSection
EndGlobal
